
Microsoft Visual Studio Solution File, Format Version 11.00
# Visual Studio 2010
Project("{FAE04EC0-301F-11D3-BF4B-00C04F79EFBC}") = "Project UC", "Assembly-CSharp.csproj", "{C1E2451B-605D-DB12-15F5-1E478CF6993D}"
EndProject
Global
	GlobalSection(SolutionConfigurationPlatforms) = preSolution
		Debug|Any CPU = Debug|Any CPU
		Release|Any CPU = Release|Any CPU
	EndGlobalSection
	GlobalSection(ProjectConfigurationPlatforms) = postSolution
		{C1E2451B-605D-DB12-15F5-1E478CF6993D}.Debug|Any CPU.ActiveCfg = Debug|Any CPU
		{C1E2451B-605D-DB12-15F5-1E478CF6993D}.Debug|Any CPU.Build.0 = Debug|Any CPU
		{C1E2451B-605D-DB12-15F5-1E478CF6993D}.Release|Any CPU.ActiveCfg = Release|Any CPU
		{C1E2451B-605D-DB12-15F5-1E478CF6993D}.Release|Any CPU.Build.0 = Release|Any CPU
	EndGlobalSection
	GlobalSection(SolutionProperties) = preSolution
		HideSolutionNode = FALSE
	EndGlobalSection
	GlobalSection(MonoDevelopProperties) = preSolution
		StartupItem = Assembly-CSharp.csproj
	EndGlobalSection
EndGlobal
